# generated by rye
# use `rye lock` or `rye sync` to update this lockfile
#
# last locked with the following flags:
#   pre: false
#   features: []
#   all-features: false
#   with-sources: false
#   generate-hashes: false
#   universal: false

-e file:.
absl-py==2.1.0
    # via keras
    # via tensorboard
    # via tensorflow
altair==5.5.0
    # via streamlit
annotated-types==0.7.0
    # via pydantic
anyio==4.8.0
    # via httpx
    # via openai
asttokens==3.0.0
    # via stack-data
astunparse==1.6.3
    # via tensorflow
attrs==24.3.0
    # via jsonschema
    # via referencing
blinker==1.9.0
    # via streamlit
breadability==0.1.20
    # via sumy
cachetools==5.5.0
    # via streamlit
certifi==2024.12.14
    # via httpcore
    # via httpx
    # via requests
cfgv==3.4.0
    # via pre-commit
chardet==5.2.0
    # via breadability
charset-normalizer==3.4.1
    # via requests
click==8.1.8
    # via nltk
    # via streamlit
comm==0.2.2
    # via ipykernel
debugpy==1.8.11
    # via ipykernel
decorator==5.1.1
    # via ipython
distlib==0.3.9
    # via virtualenv
distro==1.9.0
    # via openai
docopt==0.6.2
    # via breadability
    # via sumy
executing==2.1.0
    # via stack-data
filelock==3.16.1
    # via huggingface-hub
    # via transformers
    # via virtualenv
flatbuffers==24.12.23
    # via tensorflow
fsspec==2024.12.0
    # via huggingface-hub
gast==0.6.0
    # via tensorflow
gitdb==4.0.12
    # via gitpython
gitpython==3.1.44
    # via streamlit
google-pasta==0.2.0
    # via tensorflow
grpcio==1.69.0
    # via tensorboard
    # via tensorflow
h11==0.14.0
    # via httpcore
h5py==3.12.1
    # via keras
    # via tensorflow
httpcore==1.0.7
    # via httpx
httpx==0.28.1
    # via openai
huggingface-hub==0.27.0
    # via tokenizers
    # via transformers
identify==2.6.5
    # via pre-commit
idna==3.10
    # via anyio
    # via httpx
    # via requests
iniconfig==2.0.0
    # via pytest
ipykernel==6.29.5
    # via summarizer
ipython==8.31.0
    # via ipykernel
jedi==0.19.2
    # via ipython
jinja2==3.1.5
    # via altair
    # via pydeck
jiter==0.8.2
    # via openai
joblib==1.4.2
    # via nltk
jsonschema==4.23.0
    # via altair
jsonschema-specifications==2024.10.1
    # via jsonschema
jupyter-client==8.6.3
    # via ipykernel
jupyter-core==5.7.2
    # via ipykernel
    # via jupyter-client
keras==3.8.0
    # via summarizer
    # via tensorflow
libclang==18.1.1
    # via tensorflow
lxml==5.3.0
    # via breadability
    # via lxml-html-clean
    # via python-docx
    # via summarizer
lxml-html-clean==0.4.1
    # via lxml
markdown==3.7
    # via tensorboard
markdown-it-py==3.0.0
    # via rich
markupsafe==3.0.2
    # via jinja2
    # via werkzeug
matplotlib-inline==0.1.7
    # via ipykernel
    # via ipython
mdurl==0.1.2
    # via markdown-it-py
ml-dtypes==0.4.1
    # via keras
    # via tensorflow
namex==0.0.8
    # via keras
narwhals==1.20.1
    # via altair
nest-asyncio==1.6.0
    # via ipykernel
nltk==3.9.1
    # via sumy
nodeenv==1.9.1
    # via pre-commit
numpy==2.0.2
    # via h5py
    # via keras
    # via ml-dtypes
    # via pandas
    # via pydeck
    # via streamlit
    # via tensorboard
    # via tensorflow
    # via transformers
openai==1.59.3
    # via summarizer
opt-einsum==3.4.0
    # via tensorflow
optree==0.13.1
    # via keras
packaging==24.2
    # via altair
    # via huggingface-hub
    # via ipykernel
    # via keras
    # via pytest
    # via streamlit
    # via tensorboard
    # via tensorflow
    # via transformers
pandas==2.2.3
    # via streamlit
    # via summarizer
parso==0.8.4
    # via jedi
pexpect==4.9.0
    # via ipython
pillow==11.1.0
    # via streamlit
pip==24.3.1
    # via summarizer
platformdirs==4.3.6
    # via jupyter-core
    # via virtualenv
pluggy==1.5.0
    # via pytest
pre-commit==4.0.1
    # via summarizer
prompt-toolkit==3.0.48
    # via ipython
protobuf==5.29.2
    # via streamlit
    # via tensorboard
    # via tensorflow
psutil==6.1.1
    # via ipykernel
ptyprocess==0.7.0
    # via pexpect
pure-eval==0.2.3
    # via stack-data
pyarrow==18.1.0
    # via streamlit
pycountry==24.6.1
    # via sumy
pydantic==2.10.4
    # via openai
pydantic-core==2.27.2
    # via pydantic
pydeck==0.9.1
    # via streamlit
pygments==2.19.0
    # via ipython
    # via rich
pypdf2==3.0.1
    # via summarizer
pytest==8.3.4
    # via summarizer
python-dateutil==2.9.0.post0
    # via jupyter-client
    # via pandas
python-docx==1.1.2
    # via summarizer
python-dotenv==1.0.1
    # via summarizer
pytz==2024.2
    # via pandas
pyyaml==6.0.2
    # via huggingface-hub
    # via pre-commit
    # via transformers
pyzmq==26.2.0
    # via ipykernel
    # via jupyter-client
referencing==0.35.1
    # via jsonschema
    # via jsonschema-specifications
regex==2024.11.6
    # via nltk
    # via transformers
requests==2.32.3
    # via huggingface-hub
    # via streamlit
    # via sumy
    # via tensorflow
    # via transformers
rich==13.9.4
    # via keras
    # via streamlit
rpds-py==0.22.3
    # via jsonschema
    # via referencing
safetensors==0.5.0
    # via transformers
setuptools==75.7.0
    # via summarizer
    # via tensorboard
    # via tensorflow
six==1.17.0
    # via astunparse
    # via google-pasta
    # via python-dateutil
    # via tensorboard
    # via tensorflow
smmap==5.0.2
    # via gitdb
sniffio==1.3.1
    # via anyio
    # via openai
stack-data==0.6.3
    # via ipython
streamlit==1.41.1
    # via summarizer
sumy==0.11.0
    # via summarizer
tenacity==9.0.0
    # via streamlit
tensorboard==2.18.0
    # via tensorflow
tensorboard-data-server==0.7.2
    # via tensorboard
tensorflow==2.18.0
    # via summarizer
    # via tf-keras
termcolor==2.5.0
    # via tensorflow
tf-keras==2.18.0
    # via summarizer
tokenizers==0.21.0
    # via transformers
toml==0.10.2
    # via streamlit
tornado==6.4.2
    # via ipykernel
    # via jupyter-client
    # via streamlit
tqdm==4.67.1
    # via huggingface-hub
    # via nltk
    # via openai
    # via transformers
traitlets==5.14.3
    # via comm
    # via ipykernel
    # via ipython
    # via jupyter-client
    # via jupyter-core
    # via matplotlib-inline
transformers==4.47.1
    # via summarizer
typing-extensions==4.12.2
    # via altair
    # via anyio
    # via huggingface-hub
    # via openai
    # via optree
    # via pydantic
    # via pydantic-core
    # via python-docx
    # via streamlit
    # via tensorflow
tzdata==2024.2
    # via pandas
urllib3==2.3.0
    # via requests
virtualenv==20.28.1
    # via pre-commit
watchdog==6.0.0
    # via streamlit
wcwidth==0.2.13
    # via prompt-toolkit
werkzeug==3.1.3
    # via tensorboard
wheel==0.45.1
    # via astunparse
wrapt==1.17.0
    # via tensorflow
